Microsoft Visual Studio Solution File, Format Version 9.00
# Visual C++ Express 2005
Project("{8BC9CEB8-8B4A-11D0-8D11-00A0C91BC942}") = "checksum", "wlib\mswlib\checksum.vcproj", "{AC963D8A-4922-4B53-9B3F-6BA30AA43EF8}"
EndProject
Project("{8BC9CEB8-8B4A-11D0-8D11-00A0C91BC942}") = "wlib", "wlib\mswlib\wlib.vcproj", "{0F5F56DA-2540-4BD6-8F94-1DAC43ECCEB0}"
EndProject
Project("{8BC9CEB8-8B4A-11D0-8D11-00A0C91BC942}") = "xtrkcad", "bin\xtrkcad.vcproj", "{17646A11-C388-4921-8EF6-C60DF30C5D7D}"
	ProjectSection(ProjectDependencies) = postProject
		{99EC6B24-0B65-4CE6-9897-FCBF9013C8D7} = {99EC6B24-0B65-4CE6-9897-FCBF9013C8D7}
		{556C4E47-3ECB-4381-B7F0-8D1CC926C3D6} = {556C4E47-3ECB-4381-B7F0-8D1CC926C3D6}
		{2DD6F94A-3A3C-41BF-858E-C85F7941FF15} = {2DD6F94A-3A3C-41BF-858E-C85F7941FF15}
		{AC963D8A-4922-4B53-9B3F-6BA30AA43EF8} = {AC963D8A-4922-4B53-9B3F-6BA30AA43EF8}
		{48E752BC-E550-43DC-8080-F08C44B593FC} = {48E752BC-E550-43DC-8080-F08C44B593FC}
		{0F5F56DA-2540-4BD6-8F94-1DAC43ECCEB0} = {0F5F56DA-2540-4BD6-8F94-1DAC43ECCEB0}
		{F50018F0-E295-48C4-89EF-65EF0A0A6F6D} = {F50018F0-E295-48C4-89EF-65EF0A0A6F6D}
	EndProjectSection
EndProject
Project("{8BC9CEB8-8B4A-11D0-8D11-00A0C91BC942}") = "genmessages", "help\genmessages.vcproj", "{F50018F0-E295-48C4-89EF-65EF0A0A6F6D}"
EndProject
Project("{8BC9CEB8-8B4A-11D0-8D11-00A0C91BC942}") = "cnvdsgn", "bin\cnvdsgn.vcproj", "{99EC6B24-0B65-4CE6-9897-FCBF9013C8D7}"
EndProject
Project("{8BC9CEB8-8B4A-11D0-8D11-00A0C91BC942}") = "genhelp", "help\genhelp.vcproj", "{48E752BC-E550-43DC-8080-F08C44B593FC}"
EndProject
Project("{8BC9CEB8-8B4A-11D0-8D11-00A0C91BC942}") = "addcrlf", "tools\addcrlf.vcproj", "{556C4E47-3ECB-4381-B7F0-8D1CC926C3D6}"
EndProject
Project("{8BC9CEB8-8B4A-11D0-8D11-00A0C91BC942}") = "charset", "tools\halibut\charset\charset.vcproj", "{5FCD9CB7-CAD4-4718-9C5F-865D152A924E}"
EndProject
Project("{8BC9CEB8-8B4A-11D0-8D11-00A0C91BC942}") = "halibut", "tools\halibut\halibut.vcproj", "{0007BF9C-0F3E-4FDA-A393-D776E4734A29}"
	ProjectSection(ProjectDependencies) = postProject
		{5FCD9CB7-CAD4-4718-9C5F-865D152A924E} = {5FCD9CB7-CAD4-4718-9C5F-865D152A924E}
	EndProjectSection
EndProject
Project("{8BC9CEB8-8B4A-11D0-8D11-00A0C91BC942}") = "doc", "doc\doc.vcproj", "{2DD6F94A-3A3C-41BF-858E-C85F7941FF15}"
	ProjectSection(ProjectDependencies) = postProject
		{0007BF9C-0F3E-4FDA-A393-D776E4734A29} = {0007BF9C-0F3E-4FDA-A393-D776E4734A29}
		{F50018F0-E295-48C4-89EF-65EF0A0A6F6D} = {F50018F0-E295-48C4-89EF-65EF0A0A6F6D}
	EndProjectSection
EndProject
Project("{8BC9CEB8-8B4A-11D0-8D11-00A0C91BC942}") = "test", "wlib\test\test.vcproj", "{B500EFE5-B60C-4CB5-B818-52ACF4B3C30A}"
	ProjectSection(ProjectDependencies) = postProject
		{0F5F56DA-2540-4BD6-8F94-1DAC43ECCEB0} = {0F5F56DA-2540-4BD6-8F94-1DAC43ECCEB0}
	EndProjectSection
EndProject
Global
	GlobalSection(SolutionConfigurationPlatforms) = preSolution
		Debug|Win32 = Debug|Win32
		Release|Win32 = Release|Win32
	EndGlobalSection
	GlobalSection(ProjectConfigurationPlatforms) = postSolution
		{AC963D8A-4922-4B53-9B3F-6BA30AA43EF8}.Debug|Win32.ActiveCfg = Debug|Win32
		{AC963D8A-4922-4B53-9B3F-6BA30AA43EF8}.Debug|Win32.Build.0 = Debug|Win32
		{AC963D8A-4922-4B53-9B3F-6BA30AA43EF8}.Release|Win32.ActiveCfg = Release|Win32
		{AC963D8A-4922-4B53-9B3F-6BA30AA43EF8}.Release|Win32.Build.0 = Release|Win32
		{0F5F56DA-2540-4BD6-8F94-1DAC43ECCEB0}.Debug|Win32.ActiveCfg = Debug|Win32
		{0F5F56DA-2540-4BD6-8F94-1DAC43ECCEB0}.Debug|Win32.Build.0 = Debug|Win32
		{0F5F56DA-2540-4BD6-8F94-1DAC43ECCEB0}.Release|Win32.ActiveCfg = Debug|Win32
		{0F5F56DA-2540-4BD6-8F94-1DAC43ECCEB0}.Release|Win32.Build.0 = Debug|Win32
		{17646A11-C388-4921-8EF6-C60DF30C5D7D}.Debug|Win32.ActiveCfg = Release|Win32
		{17646A11-C388-4921-8EF6-C60DF30C5D7D}.Debug|Win32.Build.0 = Release|Win32
		{17646A11-C388-4921-8EF6-C60DF30C5D7D}.Release|Win32.ActiveCfg = Debug|Win32
		{17646A11-C388-4921-8EF6-C60DF30C5D7D}.Release|Win32.Build.0 = Debug|Win32
		{F50018F0-E295-48C4-89EF-65EF0A0A6F6D}.Debug|Win32.ActiveCfg = Debug|Win32
		{F50018F0-E295-48C4-89EF-65EF0A0A6F6D}.Debug|Win32.Build.0 = Debug|Win32
		{F50018F0-E295-48C4-89EF-65EF0A0A6F6D}.Release|Win32.ActiveCfg = Release|Win32
		{F50018F0-E295-48C4-89EF-65EF0A0A6F6D}.Release|Win32.Build.0 = Release|Win32
		{99EC6B24-0B65-4CE6-9897-FCBF9013C8D7}.Debug|Win32.ActiveCfg = Release|Win32
		{99EC6B24-0B65-4CE6-9897-FCBF9013C8D7}.Debug|Win32.Build.0 = Release|Win32
		{99EC6B24-0B65-4CE6-9897-FCBF9013C8D7}.Release|Win32.ActiveCfg = Release|Win32
		{99EC6B24-0B65-4CE6-9897-FCBF9013C8D7}.Release|Win32.Build.0 = Release|Win32
		{48E752BC-E550-43DC-8080-F08C44B593FC}.Debug|Win32.ActiveCfg = Release|Win32
		{48E752BC-E550-43DC-8080-F08C44B593FC}.Debug|Win32.Build.0 = Release|Win32
		{48E752BC-E550-43DC-8080-F08C44B593FC}.Release|Win32.ActiveCfg = Release|Win32
		{48E752BC-E550-43DC-8080-F08C44B593FC}.Release|Win32.Build.0 = Release|Win32
		{556C4E47-3ECB-4381-B7F0-8D1CC926C3D6}.Debug|Win32.ActiveCfg = Debug|Win32
		{556C4E47-3ECB-4381-B7F0-8D1CC926C3D6}.Debug|Win32.Build.0 = Debug|Win32
		{556C4E47-3ECB-4381-B7F0-8D1CC926C3D6}.Release|Win32.ActiveCfg = Release|Win32
		{556C4E47-3ECB-4381-B7F0-8D1CC926C3D6}.Release|Win32.Build.0 = Release|Win32
		{5FCD9CB7-CAD4-4718-9C5F-865D152A924E}.Debug|Win32.ActiveCfg = Release|Win32
		{5FCD9CB7-CAD4-4718-9C5F-865D152A924E}.Debug|Win32.Build.0 = Release|Win32
		{5FCD9CB7-CAD4-4718-9C5F-865D152A924E}.Release|Win32.ActiveCfg = Release|Win32
		{5FCD9CB7-CAD4-4718-9C5F-865D152A924E}.Release|Win32.Build.0 = Release|Win32
		{0007BF9C-0F3E-4FDA-A393-D776E4734A29}.Debug|Win32.ActiveCfg = Release|Win32
		{0007BF9C-0F3E-4FDA-A393-D776E4734A29}.Debug|Win32.Build.0 = Release|Win32
		{0007BF9C-0F3E-4FDA-A393-D776E4734A29}.Release|Win32.ActiveCfg = Release|Win32
		{0007BF9C-0F3E-4FDA-A393-D776E4734A29}.Release|Win32.Build.0 = Release|Win32
		{2DD6F94A-3A3C-41BF-858E-C85F7941FF15}.Debug|Win32.ActiveCfg = Debug|Win32
		{2DD6F94A-3A3C-41BF-858E-C85F7941FF15}.Debug|Win32.Build.0 = Debug|Win32
		{2DD6F94A-3A3C-41BF-858E-C85F7941FF15}.Release|Win32.ActiveCfg = Release|Win32
		{2DD6F94A-3A3C-41BF-858E-C85F7941FF15}.Release|Win32.Build.0 = Release|Win32
		{B500EFE5-B60C-4CB5-B818-52ACF4B3C30A}.Debug|Win32.ActiveCfg = Debug|Win32
		{B500EFE5-B60C-4CB5-B818-52ACF4B3C30A}.Debug|Win32.Build.0 = Debug|Win32
		{B500EFE5-B60C-4CB5-B818-52ACF4B3C30A}.Release|Win32.ActiveCfg = Release|Win32
		{B500EFE5-B60C-4CB5-B818-52ACF4B3C30A}.Release|Win32.Build.0 = Release|Win32
	EndGlobalSection
	GlobalSection(SolutionProperties) = preSolution
		HideSolutionNode = FALSE
	EndGlobalSection
EndGlobal
